
Microsoft Visual Studio Solution File, Format Version 12.00
# Visual Studio Version 16
VisualStudioVersion = 16.0.31702.278
MinimumVisualStudioVersion = 10.0.40219.1
Project("{FAE04EC0-301F-11D3-BF4B-00C04F79EFBC}") = "GenericClassExample", "GenericClassExample\GenericClassExample.csproj", "{3982FA28-3666-4B64-8A25-863DB4492130}"
EndProject
Global
	GlobalSection(SolutionConfigurationPlatforms) = preSolution
		Debug|Any CPU = Debug|Any CPU
		Release|Any CPU = Release|Any CPU
	EndGlobalSection
	GlobalSection(ProjectConfigurationPlatforms) = postSolution
		{3982FA28-3666-4B64-8A25-863DB4492130}.Debug|Any CPU.ActiveCfg = Debug|Any CPU
		{3982FA28-3666-4B64-8A25-863DB4492130}.Debug|Any CPU.Build.0 = Debug|Any CPU
		{3982FA28-3666-4B64-8A25-863DB4492130}.Release|Any CPU.ActiveCfg = Release|Any CPU
		{3982FA28-3666-4B64-8A25-863DB4492130}.Release|Any CPU.Build.0 = Release|Any CPU
	EndGlobalSection
	GlobalSection(SolutionProperties) = preSolution
		HideSolutionNode = FALSE
	EndGlobalSection
	GlobalSection(ExtensibilityGlobals) = postSolution
		SolutionGuid = {21F31AAB-AB74-471C-98D0-839ABC4CDCE0}
	EndGlobalSection
EndGlobal
